
Microsoft Visual Studio Solution File, Format Version 12.00
Project("{2150E333-8FDC-42A3-9474-1A3956D46DE8}") = "scripts", "scripts", "{EAFF3D64-D898-472A-9629-D0E6C8D5FD0E}"
ProjectSection(SolutionItems) = preProject
	scripts\publish.sh = scripts\publish.sh
EndProjectSection
EndProject
Project("{2150E333-8FDC-42A3-9474-1A3956D46DE8}") = "docs", "docs", "{43E3248B-9511-43B6-9132-7C4C27DA6BC6}"
EndProject
Project("{2150E333-8FDC-42A3-9474-1A3956D46DE8}") = "src", "src", "{383C18A8-3A41-4387-9233-77824387F363}"
EndProject
Project("{2150E333-8FDC-42A3-9474-1A3956D46DE8}") = "Engine", "Engine", "{64CB0998-9391-4BE5-83D5-862926708FF4}"
EndProject
Project("{FAE04EC0-301F-11D3-BF4B-00C04F79EFBC}") = "Core", "src\Engine\Core\Core.csproj", "{EAF793D4-B7BA-4316-BD1F-C720275EE597}"
EndProject
Project("{2150E333-8FDC-42A3-9474-1A3956D46DE8}") = "Tests", "Tests", "{8C197B4B-9563-4240-9D90-7E1BB7DAEF90}"
EndProject
Project("{FAE04EC0-301F-11D3-BF4B-00C04F79EFBC}") = "UnitTests", "src\Engine\Tests\UnitTests\UnitTests.csproj", "{583C5677-0E31-4935-9CF7-773CBB01135A}"
EndProject
Project("{2150E333-8FDC-42A3-9474-1A3956D46DE8}") = "common", "common", "{3941D487-B2ED-4594-AF1B-4CB1C0B96B77}"
ProjectSection(SolutionItems) = preProject
	.editorconfig = .editorconfig
	.gitignore = .gitignore
	.gitattributes = .gitattributes
	.travis.yml = .travis.yml
EndProjectSection
EndProject
Project("{FAE04EC0-301F-11D3-BF4B-00C04F79EFBC}") = "Sample", "src\Engine\Sample\Sample.csproj", "{88D9438A-2759-40CC-BD2B-626443D1123D}"
EndProject
Project("{2150E333-8FDC-42A3-9474-1A3956D46DE8}") = "Client", "Client", "{412C561D-53F5-4013-9822-6A3BC055AF54}"
EndProject
Project("{2150E333-8FDC-42A3-9474-1A3956D46DE8}") = "Browser", "Browser", "{E870EBF8-67F4-4995-B51F-27DA514E1959}"
EndProject
Project("{2150E333-8FDC-42A3-9474-1A3956D46DE8}") = "Tests", "Tests", "{10CDAE92-482A-4F51-BB7A-B5EC7B53447D}"
EndProject
Project("{FAE04EC0-301F-11D3-BF4B-00C04F79EFBC}") = "App", "src\Client\Browser\App\App.csproj", "{7794CB9B-C74A-4FA7-9358-DFDA449E0179}"
EndProject
Project("{2150E333-8FDC-42A3-9474-1A3956D46DE8}") = "Server", "Server", "{1BF7D406-5C8F-4D0B-AA4A-6BEE86F1B067}"
EndProject
Project("{FAE04EC0-301F-11D3-BF4B-00C04F79EFBC}") = "Server", "src\Server\Server\Server.csproj", "{EEFEFFCF-8257-448B-935A-7D231EDF5527}"
EndProject
Global
	GlobalSection(SolutionConfigurationPlatforms) = preSolution
		Debug|Any CPU = Debug|Any CPU
		Release|Any CPU = Release|Any CPU
		Staging|Any CPU = Staging|Any CPU
	EndGlobalSection
	GlobalSection(ProjectConfigurationPlatforms) = postSolution
		{EAF793D4-B7BA-4316-BD1F-C720275EE597}.Debug|Any CPU.ActiveCfg = Debug|Any CPU
		{EAF793D4-B7BA-4316-BD1F-C720275EE597}.Debug|Any CPU.Build.0 = Debug|Any CPU
		{EAF793D4-B7BA-4316-BD1F-C720275EE597}.Release|Any CPU.ActiveCfg = Release|Any CPU
		{EAF793D4-B7BA-4316-BD1F-C720275EE597}.Release|Any CPU.Build.0 = Release|Any CPU
		{EAF793D4-B7BA-4316-BD1F-C720275EE597}.Staging|Any CPU.ActiveCfg = Staging|Any CPU
		{EAF793D4-B7BA-4316-BD1F-C720275EE597}.Staging|Any CPU.Build.0 = Staging|Any CPU
		{583C5677-0E31-4935-9CF7-773CBB01135A}.Debug|Any CPU.ActiveCfg = Debug|Any CPU
		{583C5677-0E31-4935-9CF7-773CBB01135A}.Debug|Any CPU.Build.0 = Debug|Any CPU
		{583C5677-0E31-4935-9CF7-773CBB01135A}.Release|Any CPU.ActiveCfg = Release|Any CPU
		{583C5677-0E31-4935-9CF7-773CBB01135A}.Release|Any CPU.Build.0 = Release|Any CPU
		{583C5677-0E31-4935-9CF7-773CBB01135A}.Staging|Any CPU.ActiveCfg = Staging|Any CPU
		{583C5677-0E31-4935-9CF7-773CBB01135A}.Staging|Any CPU.Build.0 = Staging|Any CPU
		{88D9438A-2759-40CC-BD2B-626443D1123D}.Debug|Any CPU.ActiveCfg = Debug|Any CPU
		{88D9438A-2759-40CC-BD2B-626443D1123D}.Debug|Any CPU.Build.0 = Debug|Any CPU
		{88D9438A-2759-40CC-BD2B-626443D1123D}.Release|Any CPU.ActiveCfg = Release|Any CPU
		{88D9438A-2759-40CC-BD2B-626443D1123D}.Release|Any CPU.Build.0 = Release|Any CPU
		{88D9438A-2759-40CC-BD2B-626443D1123D}.Staging|Any CPU.ActiveCfg = Debug|Any CPU
		{88D9438A-2759-40CC-BD2B-626443D1123D}.Staging|Any CPU.Build.0 = Debug|Any CPU
		{7794CB9B-C74A-4FA7-9358-DFDA449E0179}.Debug|Any CPU.ActiveCfg = Debug|Any CPU
		{7794CB9B-C74A-4FA7-9358-DFDA449E0179}.Debug|Any CPU.Build.0 = Debug|Any CPU
		{7794CB9B-C74A-4FA7-9358-DFDA449E0179}.Release|Any CPU.ActiveCfg = Release|Any CPU
		{7794CB9B-C74A-4FA7-9358-DFDA449E0179}.Release|Any CPU.Build.0 = Release|Any CPU
		{7794CB9B-C74A-4FA7-9358-DFDA449E0179}.Staging|Any CPU.ActiveCfg = Debug|Any CPU
		{7794CB9B-C74A-4FA7-9358-DFDA449E0179}.Staging|Any CPU.Build.0 = Debug|Any CPU
		{EEFEFFCF-8257-448B-935A-7D231EDF5527}.Debug|Any CPU.ActiveCfg = Debug|Any CPU
		{EEFEFFCF-8257-448B-935A-7D231EDF5527}.Debug|Any CPU.Build.0 = Debug|Any CPU
		{EEFEFFCF-8257-448B-935A-7D231EDF5527}.Release|Any CPU.ActiveCfg = Release|Any CPU
		{EEFEFFCF-8257-448B-935A-7D231EDF5527}.Release|Any CPU.Build.0 = Release|Any CPU
		{EEFEFFCF-8257-448B-935A-7D231EDF5527}.Staging|Any CPU.ActiveCfg = Debug|Any CPU
		{EEFEFFCF-8257-448B-935A-7D231EDF5527}.Staging|Any CPU.Build.0 = Debug|Any CPU
	EndGlobalSection
	GlobalSection(NestedProjects) = preSolution
		{64CB0998-9391-4BE5-83D5-862926708FF4} = {383C18A8-3A41-4387-9233-77824387F363}
		{EAF793D4-B7BA-4316-BD1F-C720275EE597} = {64CB0998-9391-4BE5-83D5-862926708FF4}
		{8C197B4B-9563-4240-9D90-7E1BB7DAEF90} = {64CB0998-9391-4BE5-83D5-862926708FF4}
		{583C5677-0E31-4935-9CF7-773CBB01135A} = {8C197B4B-9563-4240-9D90-7E1BB7DAEF90}
		{88D9438A-2759-40CC-BD2B-626443D1123D} = {64CB0998-9391-4BE5-83D5-862926708FF4}
		{412C561D-53F5-4013-9822-6A3BC055AF54} = {383C18A8-3A41-4387-9233-77824387F363}
		{E870EBF8-67F4-4995-B51F-27DA514E1959} = {412C561D-53F5-4013-9822-6A3BC055AF54}
		{10CDAE92-482A-4F51-BB7A-B5EC7B53447D} = {E870EBF8-67F4-4995-B51F-27DA514E1959}
		{7794CB9B-C74A-4FA7-9358-DFDA449E0179} = {E870EBF8-67F4-4995-B51F-27DA514E1959}
		{1BF7D406-5C8F-4D0B-AA4A-6BEE86F1B067} = {383C18A8-3A41-4387-9233-77824387F363}
		{EEFEFFCF-8257-448B-935A-7D231EDF5527} = {1BF7D406-5C8F-4D0B-AA4A-6BEE86F1B067}
	EndGlobalSection
EndGlobal
